
Microsoft Visual Studio Solution File, Format Version 12.00
Project("{FAE04EC0-301F-11D3-BF4B-00C04F79EFBC}") = "Cert", "Cert\Cert.csproj", "{B630C3A5-4897-4695-BEB0-7F2EC88221CA}"
EndProject
Global
	GlobalSection(SolutionConfigurationPlatforms) = preSolution
		Debug|Any CPU = Debug|Any CPU
		Release|Any CPU = Release|Any CPU
	EndGlobalSection
	GlobalSection(ProjectConfigurationPlatforms) = postSolution
		{B630C3A5-4897-4695-BEB0-7F2EC88221CA}.Debug|Any CPU.ActiveCfg = Debug|Any CPU
		{B630C3A5-4897-4695-BEB0-7F2EC88221CA}.Debug|Any CPU.Build.0 = Debug|Any CPU
		{B630C3A5-4897-4695-BEB0-7F2EC88221CA}.Release|Any CPU.ActiveCfg = Release|Any CPU
		{B630C3A5-4897-4695-BEB0-7F2EC88221CA}.Release|Any CPU.Build.0 = Release|Any CPU
	EndGlobalSection
EndGlobal
